
Microsoft Visual Studio Solution File, Format Version 12.00
# Visual Studio 15
VisualStudioVersion = 15.0.27703.2042
MinimumVisualStudioVersion = 10.0.40219.1
Project("{FAE04EC0-301F-11D3-BF4B-00C04F79EFBC}") = "Task3_1", "Task3_1\Task3_1.csproj", "{AC198125-D6E5-450D-B33B-81F4D3F10ED0}"
EndProject
Project("{FAE04EC0-301F-11D3-BF4B-00C04F79EFBC}") = "UserInterface", "UserInterface\UserInterface.csproj", "{172CF375-D7A4-47CB-9855-6706246A73B7}"
EndProject
Project("{FAE04EC0-301F-11D3-BF4B-00C04F79EFBC}") = "Task3_1Logic", "Task3_1Logic\Task3_1Logic.csproj", "{8BAAFD09-D0BB-465A-8D0C-E7F65B35A196}"
EndProject
Project("{FAE04EC0-301F-11D3-BF4B-00C04F79EFBC}") = "Task3_2", "..\Task3_2\Task3_2.csproj", "{11E0098E-FE1A-44F6-B24B-BB456389ADFF}"
EndProject
Project("{FAE04EC0-301F-11D3-BF4B-00C04F79EFBC}") = "Task3_3", "Task3_3\Task3_3.csproj", "{3F52970E-2B9B-4A3A-8162-687DE846BE0A}"
EndProject
Project("{FAE04EC0-301F-11D3-BF4B-00C04F79EFBC}") = "Task3_2Logic", "Task3_2Logic\Task3_2Logic.csproj", "{CE26FF0A-5E1A-425F-BD8B-423F3EA056D1}"
EndProject
Project("{FAE04EC0-301F-11D3-BF4B-00C04F79EFBC}") = "Task3_3Logic", "Task3_3Logic\Task3_3Logic.csproj", "{FD633883-3FEC-49F9-9604-6735C1462F05}"
EndProject
Global
	GlobalSection(SolutionConfigurationPlatforms) = preSolution
		Debug|Any CPU = Debug|Any CPU
		Release|Any CPU = Release|Any CPU
	EndGlobalSection
	GlobalSection(ProjectConfigurationPlatforms) = postSolution
		{AC198125-D6E5-450D-B33B-81F4D3F10ED0}.Debug|Any CPU.ActiveCfg = Debug|Any CPU
		{AC198125-D6E5-450D-B33B-81F4D3F10ED0}.Debug|Any CPU.Build.0 = Debug|Any CPU
		{AC198125-D6E5-450D-B33B-81F4D3F10ED0}.Release|Any CPU.ActiveCfg = Release|Any CPU
		{AC198125-D6E5-450D-B33B-81F4D3F10ED0}.Release|Any CPU.Build.0 = Release|Any CPU
		{172CF375-D7A4-47CB-9855-6706246A73B7}.Debug|Any CPU.ActiveCfg = Debug|Any CPU
		{172CF375-D7A4-47CB-9855-6706246A73B7}.Debug|Any CPU.Build.0 = Debug|Any CPU
		{172CF375-D7A4-47CB-9855-6706246A73B7}.Release|Any CPU.ActiveCfg = Release|Any CPU
		{172CF375-D7A4-47CB-9855-6706246A73B7}.Release|Any CPU.Build.0 = Release|Any CPU
		{8BAAFD09-D0BB-465A-8D0C-E7F65B35A196}.Debug|Any CPU.ActiveCfg = Debug|Any CPU
		{8BAAFD09-D0BB-465A-8D0C-E7F65B35A196}.Debug|Any CPU.Build.0 = Debug|Any CPU
		{8BAAFD09-D0BB-465A-8D0C-E7F65B35A196}.Release|Any CPU.ActiveCfg = Release|Any CPU
		{8BAAFD09-D0BB-465A-8D0C-E7F65B35A196}.Release|Any CPU.Build.0 = Release|Any CPU
		{11E0098E-FE1A-44F6-B24B-BB456389ADFF}.Debug|Any CPU.ActiveCfg = Debug|Any CPU
		{11E0098E-FE1A-44F6-B24B-BB456389ADFF}.Debug|Any CPU.Build.0 = Debug|Any CPU
		{11E0098E-FE1A-44F6-B24B-BB456389ADFF}.Release|Any CPU.ActiveCfg = Release|Any CPU
		{11E0098E-FE1A-44F6-B24B-BB456389ADFF}.Release|Any CPU.Build.0 = Release|Any CPU
		{3F52970E-2B9B-4A3A-8162-687DE846BE0A}.Debug|Any CPU.ActiveCfg = Debug|Any CPU
		{3F52970E-2B9B-4A3A-8162-687DE846BE0A}.Debug|Any CPU.Build.0 = Debug|Any CPU
		{3F52970E-2B9B-4A3A-8162-687DE846BE0A}.Release|Any CPU.ActiveCfg = Release|Any CPU
		{3F52970E-2B9B-4A3A-8162-687DE846BE0A}.Release|Any CPU.Build.0 = Release|Any CPU
		{CE26FF0A-5E1A-425F-BD8B-423F3EA056D1}.Debug|Any CPU.ActiveCfg = Debug|Any CPU
		{CE26FF0A-5E1A-425F-BD8B-423F3EA056D1}.Debug|Any CPU.Build.0 = Debug|Any CPU
		{CE26FF0A-5E1A-425F-BD8B-423F3EA056D1}.Release|Any CPU.ActiveCfg = Release|Any CPU
		{CE26FF0A-5E1A-425F-BD8B-423F3EA056D1}.Release|Any CPU.Build.0 = Release|Any CPU
		{FD633883-3FEC-49F9-9604-6735C1462F05}.Debug|Any CPU.ActiveCfg = Debug|Any CPU
		{FD633883-3FEC-49F9-9604-6735C1462F05}.Debug|Any CPU.Build.0 = Debug|Any CPU
		{FD633883-3FEC-49F9-9604-6735C1462F05}.Release|Any CPU.ActiveCfg = Release|Any CPU
		{FD633883-3FEC-49F9-9604-6735C1462F05}.Release|Any CPU.Build.0 = Release|Any CPU
	EndGlobalSection
	GlobalSection(SolutionProperties) = preSolution
		HideSolutionNode = FALSE
	EndGlobalSection
	GlobalSection(ExtensibilityGlobals) = postSolution
		SolutionGuid = {4FC2A82A-12BE-4144-8409-ABE06BB98EBC}
	EndGlobalSection
EndGlobal
